// !$*UTF8*$!
{
	archiveVersion = 1;
	classes = {
	};
	objectVersion = 50;
	objects = {

/* Begin PBXBuildFile section */
		30BAF33A2705AEF8009E5489 /* AppDelegate.swift in Sources */ = {isa = PBXBuildFile; fileRef = 30BAF3392705AEF8009E5489 /* AppDelegate.swift */; };
		30BAF33C2705AEF8009E5489 /* SceneDelegate.swift in Sources */ = {isa = PBXBuildFile; fileRef = 30BAF33B2705AEF8009E5489 /* SceneDelegate.swift */; };
		30BAF33E2705AEF8009E5489 /* ViewController.swift in Sources */ = {isa = PBXBuildFile; fileRef = 30BAF33D2705AEF8009E5489 /* ViewController.swift */; };
		30BAF3412705AEF8009E5489 /* Main.storyboard in Resources */ = {isa = PBXBuildFile; fileRef = 30BAF33F2705AEF8009E5489 /* Main.storyboard */; };
		30BAF3432705AEFD009E5489 /* Assets.xcassets in Resources */ = {isa = PBXBuildFile; fileRef = 30BAF3422705AEFD009E5489 /* Assets.xcassets */; };
		30BAF3462705AEFD009E5489 /* LaunchScreen.storyboard in Resources */ = {isa = PBXBuildFile; fileRef = 30BAF3442705AEFD009E5489 /* LaunchScreen.storyboard */; };
		30BAF3512705AEFD009E5489 /* Activity_2Tests.swift in Sources */ = {isa = PBXBuildFile; fileRef = 30BAF3502705AEFD009E5489 /* Activity_2Tests.swift */; };
		30BAF35C2705AEFE009E5489 /* Activity_2UITests.swift in Sources */ = {isa = PBXBuildFile; fileRef = 30BAF35B2705AEFE009E5489 /* Activity_2UITests.swift */; };
/* End PBXBuildFile section */

/* Begin PBXContainerItemProxy section */
		30BAF34D2705AEFD009E5489 /* PBXContainerItemProxy */ = {
			isa = PBXContainerItemProxy;
			containerPortal = 30BAF32E2705AEF7009E5489 /* Project object */;
			proxyType = 1;
			remoteGlobalIDString = 30BAF3352705AEF8009E5489;
			remoteInfo = Activity_2;
		};
		30BAF3582705AEFE009E5489 /* PBXContainerItemProxy */ = {
			isa = PBXContainerItemProxy;
			containerPortal = 30BAF32E2705AEF7009E5489 /* Project object */;
			proxyType = 1;
			remoteGlobalIDString = 30BAF3352705AEF8009E5489;
			remoteInfo = Activity_2;
		};
/* End PBXContainerItemProxy section */

/* Begin PBXFileReference section */
		30BAF3362705AEF8009E5489 /* Activity_2.app */ = {isa = PBXFileReference; explicitFileType = wrapper.application; includeInIndex = 0; path = Activity_2.app; sourceTree = BUILT_PRODUCTS_DIR; };
		30BAF3392705AEF8009E5489 /* AppDelegate.swift */ = {isa = PBXFileReference; lastKnownFileType = sourcecode.swift; path = AppDelegate.swift; sourceTree = "<group>"; };
		30BAF33B2705AEF8009E5489 /* SceneDelegate.swift */ = {isa = PBXFileReference; lastKnownFileType = sourcecode.swift; path = SceneDelegate.swift; sourceTree = "<group>"; };
		30BAF33D2705AEF8009E5489 /* ViewController.swift */ = {isa = PBXFileReference; lastKnownFileType = sourcecode.swift; path = ViewController.swift; sourceTree = "<group>"; };
		30BAF3402705AEF8009E5489 /* Base */ = {isa = PBXFileReference; lastKnownFileType = file.storyboard; name = Base; path = Base.lproj/Main.storyboard; sourceTree = "<group>"; };
		30BAF3422705AEFD009E5489 /* Assets.xcassets */ = {isa = PBXFileReference; lastKnownFileType = folder.assetcatalog; path = Assets.xcassets; sourceTree = "<group>"; };
		30BAF3452705AEFD009E5489 /* Base */ = {isa = PBXFileReference; lastKnownFileType = file.storyboard; name = Base; path = Base.lproj/LaunchScreen.storyboard; sourceTree = "<group>"; };
		30BAF3472705AEFD009E5489 /* Info.plist */ = {isa = PBXFileReference; lastKnownFileType = text.plist.xml; path = Info.plist; sourceTree = "<group>"; };
		30BAF34C2705AEFD009E5489 /* Activity_2Tests.xctest */ = {isa = PBXFileReference; explicitFileType = wrapper.cfbundle; includeInIndex = 0; path = Activity_2Tests.xctest; sourceTree = BUILT_PRODUCTS_DIR; };
		30BAF3502705AEFD009E5489 /* Activity_2Tests.swift */ = {isa = PBXFileReference; lastKnownFileType = sourcecode.swift; path = Activity_2Tests.swift; sourceTree = "<group>"; };
		30BAF3522705AEFD009E5489 /* Info.plist */ = {isa = PBXFileReference; lastKnownFileType = text.plist.xml; path = Info.plist; sourceTree = "<group>"; };
		30BAF3572705AEFE009E5489 /* Activity_2UITests.xctest */ = {isa = PBXFileReference; explicitFileType = wrapper.cfbundle; includeInIndex = 0; path = Activity_2UITests.xctest; sourceTree = BUILT_PRODUCTS_DIR; };
		30BAF35B2705AEFE009E5489 /* Activity_2UITests.swift */ = {isa = PBXFileReference; lastKnownFileType = sourcecode.swift; path = Activity_2UITests.swift; sourceTree = "<group>"; };
		30BAF35D2705AEFE009E5489 /* Info.plist */ = {isa = PBXFileReference; lastKnownFileType = text.plist.xml; path = Info.plist; sourceTree = "<group>"; };
/* End PBXFileReference section */

/* Begin PBXFrameworksBuildPhase section */
		30BAF3332705AEF8009E5489 /* Frameworks */ = {
			isa = PBXFrameworksBuildPhase;
			buildActionMask = 2147483647;
			files = (
			);
			runOnlyForDeploymentPostprocessing = 0;
		};
		30BAF3492705AEFD009E5489 /* Frameworks */ = {
			isa = PBXFrameworksBuildPhase;
			buildActionMask = 2147483647;
			files = (
			);
			runOnlyForDeploymentPostprocessing = 0;
		};
		30BAF3542705AEFE009E5489 /* Frameworks */ = {
			isa = PBXFrameworksBuildPhase;
			buildActionMask = 2147483647;
			files = (
			);
			runOnlyForDeploymentPostprocessing = 0;
		};
/* End PBXFrameworksBuildPhase section */

/* Begin PBXGroup section */
		30BAF32D2705AEF7009E5489 = {
			isa = PBXGroup;
			children = (
				30BAF3382705AEF8009E5489 /* Activity_2 */,
				30BAF34F2705AEFD009E5489 /* Activity_2Tests */,
				30BAF35A2705AEFE009E5489 /* Activity_2UITests */,
				30BAF3372705AEF8009E5489 /* Products */,
			);
			sourceTree = "<group>";
		};
		30BAF3372705AEF8009E5489 /* Products */ = {
			isa = PBXGroup;
			children = (
				30BAF3362705AEF8009E5489 /* Activity_2.app */,
				30BAF34C2705AEFD009E5489 /* Activity_2Tests.xctest */,
				30BAF3572705AEFE009E5489 /* Activity_2UITests.xctest */,
			);
			name = Products;
			sourceTree = "<group>";
		};
		30BAF3382705AEF8009E5489 /* Activity_2 */ = {
			isa = PBXGroup;
			children = (
				30BAF3392705AEF8009E5489 /* AppDelegate.swift */,
				30BAF33B2705AEF8009E5489 /* SceneDelegate.swift */,
				30BAF33D2705AEF8009E5489 /* ViewController.swift */,
				30BAF33F2705AEF8009E5489 /* Main.storyboard */,
				30BAF3422705AEFD009E5489 /* Assets.xcassets */,
				30BAF3442705AEFD009E5489 /* LaunchScreen.storyboard */,
				30BAF3472705AEFD009E5489 /* Info.plist */,
			);
			path = Activity_2;
			sourceTree = "<group>";
		};
		30BAF34F2705AEFD009E5489 /* Activity_2Tests */ = {
			isa = PBXGroup;
			children = (
				30BAF3502705AEFD009E5489 /* Activity_2Tests.swift */,
				30BAF3522705AEFD009E5489 /* Info.plist */,
			);
			path = Activity_2Tests;
			sourceTree = "<group>";
		};
		30BAF35A2705AEFE009E5489 /* Activity_2UITests */ = {
			isa = PBXGroup;
			children = (
				30BAF35B2705AEFE009E5489 /* Activity_2UITests.swift */,
				30BAF35D2705AEFE009E5489 /* Info.plist */,
			);
			path = Activity_2UITests;
			sourceTree = "<group>";
		};
/* End PBXGroup section */

/* Begin PBXNativeTarget section */
		30BAF3352705AEF8009E5489 /* Activity_2 */ = {
			isa = PBXNativeTarget;
			buildConfigurationList = 30BAF3602705AEFE009E5489 /* Build configuration list for PBXNativeTarget "Activity_2" */;
			buildPhases = (
				30BAF3322705AEF8009E5489 /* Sources */,
				30BAF3332705AEF8009E5489 /* Frameworks */,
				30BAF3342705AEF8009E5489 /* Resources */,
			);
			buildRules = (
			);
			dependencies = (
			);
			name = Activity_2;
			productName = Activity_2;
			productReference = 30BAF3362705AEF8009E5489 /* Activity_2.app */;
			productType = "com.apple.product-type.application";
		};
		30BAF34B2705AEFD009E5489 /* Activity_2Tests */ = {
			isa = PBXNativeTarget;
			buildConfigurationList = 30BAF3632705AEFE009E5489 /* Build configuration list for PBXNativeTarget "Activity_2Tests" */;
			buildPhases = (
				30BAF3482705AEFD009E5489 /* Sources */,
				30BAF3492705AEFD009E5489 /* Frameworks */,
				30BAF34A2705AEFD009E5489 /* Resources */,
			);
			buildRules = (
			);
			dependencies = (
				30BAF34E2705AEFD009E5489 /* PBXTargetDependency */,
			);
			name = Activity_2Tests;
			productName = Activity_2Tests;
			productReference = 30BAF34C2705AEFD009E5489 /* Activity_2Tests.xctest */;
			productType = "com.apple.product-type.bundle.unit-test";
		};
		30BAF3562705AEFE009E5489 /* Activity_2UITests */ = {
			isa = PBXNativeTarget;
			buildConfigurationList = 30BAF3662705AEFE009E5489 /* Build configuration list for PBXNativeTarget "Activity_2UITests" */;
			buildPhases = (
				30BAF3532705AEFE009E5489 /* Sources */,
				30BAF3542705AEFE009E5489 /* Frameworks */,
				30BAF3552705AEFE009E5489 /* Resources */,
			);
			buildRules = (
			);
			dependencies = (
				30BAF3592705AEFE009E5489 /* PBXTargetDependency */,
			);
			name = Activity_2UITests;
			productName = Activity_2UITests;
			productReference = 30BAF3572705AEFE009E5489 /* Activity_2UITests.xctest */;
			productType = "com.apple.product-type.bundle.ui-testing";
		};
/* End PBXNativeTarget section */

/* Begin PBXProject section */
		30BAF32E2705AEF7009E5489 /* Project object */ = {
			isa = PBXProject;
			attributes = {
				LastSwiftUpdateCheck = 1240;
				LastUpgradeCheck = 1240;
				TargetAttributes = {
					30BAF3352705AEF8009E5489 = {
						CreatedOnToolsVersion = 12.4;
					};
					30BAF34B2705AEFD009E5489 = {
						CreatedOnToolsVersion = 12.4;
						TestTargetID = 30BAF3352705AEF8009E5489;
					};
					30BAF3562705AEFE009E5489 = {
						CreatedOnToolsVersion = 12.4;
						TestTargetID = 30BAF3352705AEF8009E5489;
					};
				};
			};
			buildConfigurationList = 30BAF3312705AEF7009E5489 /* Build configuration list for PBXProject "Activity_2" */;
			compatibilityVersion = "Xcode 9.3";
			developmentRegion = en;
			hasScannedForEncodings = 0;
			knownRegions = (
				en,
				Base,
			);
			mainGroup = 30BAF32D2705AEF7009E5489;
			productRefGroup = 30BAF3372705AEF8009E5489 /* Products */;
			projectDirPath = "";
			projectRoot = "";
			targets = (
				30BAF3352705AEF8009E5489 /* Activity_2 */,
				30BAF34B2705AEFD009E5489 /* Activity_2Tests */,
				30BAF3562705AEFE009E5489 /* Activity_2UITests */,
			);
		};
/* End PBXProject section */

/* Begin PBXResourcesBuildPhase section */
		30BAF3342705AEF8009E5489 /* Resources */ = {
			isa = PBXResourcesBuildPhase;
			buildActionMask = 2147483647;
			files = (
				30BAF3462705AEFD009E5489 /* LaunchScreen.storyboard in Resources */,
				30BAF3432705AEFD009E5489 /* Assets.xcassets in Resources */,
				30BAF3412705AEF8009E5489 /* Main.storyboard in Resources */,
			);
			runOnlyForDeploymentPostprocessing = 0;
		};
		30BAF34A2705AEFD009E5489 /* Resources */ = {
			isa = PBXResourcesBuildPhase;
			buildActionMask = 2147483647;
			files = (
			);
			runOnlyForDeploymentPostprocessing = 0;
		};
		30BAF3552705AEFE009E5489 /* Resources */ = {
			isa = PBXResourcesBuildPhase;
			buildActionMask = 2147483647;
			files = (
			);
			runOnlyForDeploymentPostprocessing = 0;
		};
/* End PBXResourcesBuildPhase section */

/* Begin PBXSourcesBuildPhase section */
		30BAF3322705AEF8009E5489 /* Sources */ = {
			isa = PBXSourcesBuildPhase;
			buildActionMask = 2147483647;
			files = (
				30BAF33E2705AEF8009E5489 /* ViewController.swift in Sources */,
				30BAF33A2705AEF8009E5489 /* AppDelegate.swift in Sources */,
				30BAF33C2705AEF8009E5489 /* SceneDelegate.swift in Sources */,
			);
			runOnlyForDeploymentPostprocessing = 0;
		};
		30BAF3482705AEFD009E5489 /* Sources */ = {
			isa = PBXSourcesBuildPhase;
			buildActionMask = 2147483647;
			files = (
				30BAF3512705AEFD009E5489 /* Activity_2Tests.swift in Sources */,
			);
			runOnlyForDeploymentPostprocessing = 0;
		};
		30BAF3532705AEFE009E5489 /* Sources */ = {
			isa = PBXSourcesBuildPhase;
			buildActionMask = 2147483647;
			files = (
				30BAF35C2705AEFE009E5489 /* Activity_2UITests.swift in Sources */,
			);
			runOnlyForDeploymentPostprocessing = 0;
		};
/* End PBXSourcesBuildPhase section */

/* Begin PBXTargetDependency section */
		30BAF34E2705AEFD009E5489 /* PBXTargetDependency */ = {
			isa = PBXTargetDependency;
			target = 30BAF3352705AEF8009E5489 /* Activity_2 */;
			targetProxy = 30BAF34D2705AEFD009E5489 /* PBXContainerItemProxy */;
		};
		30BAF3592705AEFE009E5489 /* PBXTargetDependency */ = {
			isa = PBXTargetDependency;
			target = 30BAF3352705AEF8009E5489 /* Activity_2 */;
			targetProxy = 30BAF3582705AEFE009E5489 /* PBXContainerItemProxy */;
		};
/* End PBXTargetDependency section */

/* Begin PBXVariantGroup section */
		30BAF33F2705AEF8009E5489 /* Main.storyboard */ = {
			isa = PBXVariantGroup;
			children = (
				30BAF3402705AEF8009E5489 /* Base */,
			);
			name = Main.storyboard;
			sourceTree = "<group>";
		};
		30BAF3442705AEFD009E5489 /* LaunchScreen.storyboard */ = {
			isa = PBXVariantGroup;
			children = (
				30BAF3452705AEFD009E5489 /* Base */,
			);
			name = LaunchScreen.storyboard;
			sourceTree = "<group>";
		};
/* End PBXVariantGroup section */

/* Begin XCBuildConfiguration section */
		30BAF35E2705AEFE009E5489 /* Debug */ = {
			isa = XCBuildConfiguration;
			buildSettings = {
				ALWAYS_SEARCH_USER_PATHS = NO;
				CLANG_ANALYZER_NONNULL = YES;
				CLANG_ANALYZER_NUMBER_OBJECT_CONVERSION = YES_AGGRESSIVE;
				CLANG_CXX_LANGUAGE_STANDARD = "gnu++14";
				CLANG_CXX_LIBRARY = "libc++";
				CLANG_ENABLE_MODULES = YES;
				CLANG_ENABLE_OBJC_ARC = YES;
				CLANG_ENABLE_OBJC_WEAK = YES;
				CLANG_WARN_BLOCK_CAPTURE_AUTORELEASING = YES;
				CLANG_WARN_BOOL_CONVERSION = YES;
				CLANG_WARN_COMMA = YES;
				CLANG_WARN_CONSTANT_CONVERSION = YES;
				CLANG_WARN_DEPRECATED_OBJC_IMPLEMENTATIONS = YES;
				CLANG_WARN_DIRECT_OBJC_ISA_USAGE = YES_ERROR;
				CLANG_WARN_DOCUMENTATION_COMMENTS = YES;
				CLANG_WARN_EMPTY_BODY = YES;
				CLANG_WARN_ENUM_CONVERSION = YES;
				CLANG_WARN_INFINITE_RECURSION = YES;
				CLANG_WARN_INT_CONVERSION = YES;
				CLANG_WARN_NON_LITERAL_NULL_CONVERSION = YES;
				CLANG_WARN_OBJC_IMPLICIT_RETAIN_SELF = YES;
				CLANG_WARN_OBJC_LITERAL_CONVERSION = YES;
				CLANG_WARN_OBJC_ROOT_CLASS = YES_ERROR;
				CLANG_WARN_QUOTED_INCLUDE_IN_FRAMEWORK_HEADER = YES;
				CLANG_WARN_RANGE_LOOP_ANALYSIS = YES;
				CLANG_WARN_STRICT_PROTOTYPES = YES;
				CLANG_WARN_SUSPICIOUS_MOVE = YES;
				CLANG_WARN_UNGUARDED_AVAILABILITY = YES_AGGRESSIVE;
				CLANG_WARN_UNREACHABLE_CODE = YES;
				CLANG_WARN__DUPLICATE_METHOD_MATCH = YES;
				COPY_PHASE_STRIP = NO;
				DEBUG_INFORMATION_FORMAT = dwarf;
				ENABLE_STRICT_OBJC_MSGSEND = YES;
				ENABLE_TESTABILITY = YES;
				GCC_C_LANGUAGE_STANDARD = gnu11;
				GCC_DYNAMIC_NO_PIC = NO;
				GCC_NO_COMMON_BLOCKS = YES;
				GCC_OPTIMIZATION_LEVEL = 0;
				GCC_PREPROCESSOR_DEFINITIONS = (
					"DEBUG=1",
					"$(inherited)",
				);
				GCC_WARN_64_TO_32_BIT_CONVERSION = YES;
				GCC_WARN_ABOUT_RETURN_TYPE = YES_ERROR;
				GCC_WARN_UNDECLARED_SELECTOR = YES;
				GCC_WARN_UNINITIALIZED_AUTOS = YES_AGGRESSIVE;
				GCC_WARN_UNUSED_FUNCTION = YES;
				GCC_WARN_UNUSED_VARIABLE = YES;
				IPHONEOS_DEPLOYMENT_TARGET = 14.4;
				MTL_ENABLE_DEBUG_INFO = INCLUDE_SOURCE;
				MTL_FAST_MATH = YES;
				ONLY_ACTIVE_ARCH = YES;
				SDKROOT = iphoneos;
				SWIFT_ACTIVE_COMPILATION_CONDITIONS = DEBUG;
				SWIFT_OPTIMIZATION_LEVEL = "-Onone";
			};
			name = Debug;
		};
		30BAF35F2705AEFE009E5489 /* Release */ = {
			isa = XCBuildConfiguration;
			buildSettings = {
				ALWAYS_SEARCH_USER_PATHS = NO;
				CLANG_ANALYZER_NONNULL = YES;
				CLANG_ANALYZER_NUMBER_OBJECT_CONVERSION = YES_AGGRESSIVE;
				CLANG_CXX_LANGUAGE_STANDARD = "gnu++14";
				CLANG_CXX_LIBRARY = "libc++";
				CLANG_ENABLE_MODULES = YES;
				CLANG_ENABLE_OBJC_ARC = YES;
				CLANG_ENABLE_OBJC_WEAK = YES;
				CLANG_WARN_BLOCK_CAPTURE_AUTORELEASING = YES;
				CLANG_WARN_BOOL_CONVERSION = YES;
				CLANG_WARN_COMMA = YES;
				CLANG_WARN_CONSTANT_CONVERSION = YES;
				CLANG_WARN_DEPRECATED_OBJC_IMPLEMENTATIONS = YES;
				CLANG_WARN_DIRECT_OBJC_ISA_USAGE = YES_ERROR;
				CLANG_WARN_DOCUMENTATION_COMMENTS = YES;
				CLANG_WARN_EMPTY_BODY = YES;
				CLANG_WARN_ENUM_CONVERSION = YES;
				CLANG_WARN_INFINITE_RECURSION = YES;
				CLANG_WARN_INT_CONVERSION = YES;
				CLANG_WARN_NON_LITERAL_NULL_CONVERSION = YES;
				CLANG_WARN_OBJC_IMPLICIT_RETAIN_SELF = YES;
				CLANG_WARN_OBJC_LITERAL_CONVERSION = YES;
				CLANG_WARN_OBJC_ROOT_CLASS = YES_ERROR;
				CLANG_WARN_QUOTED_INCLUDE_IN_FRAMEWORK_HEADER = YES;
				CLANG_WARN_RANGE_LOOP_ANALYSIS = YES;
				CLANG_WARN_STRICT_PROTOTYPES = YES;
				CLANG_WARN_SUSPICIOUS_MOVE = YES;
				CLANG_WARN_UNGUARDED_AVAILABILITY = YES_AGGRESSIVE;
				CLANG_WARN_UNREACHABLE_CODE = YES;
				CLANG_WARN__DUPLICATE_METHOD_MATCH = YES;
				COPY_PHASE_STRIP = NO;
				DEBUG_INFORMATION_FORMAT = "dwarf-with-dsym";
				ENABLE_NS_ASSERTIONS = NO;
				ENABLE_STRICT_OBJC_MSGSEND = YES;
				GCC_C_LANGUAGE_STANDARD = gnu11;
				GCC_NO_COMMON_BLOCKS = YES;
				GCC_WARN_64_TO_32_BIT_CONVERSION = YES;
				GCC_WARN_ABOUT_RETURN_TYPE = YES_ERROR;
				GCC_WARN_UNDECLARED_SELECTOR = YES;
				GCC_WARN_UNINITIALIZED_AUTOS = YES_AGGRESSIVE;
				GCC_WARN_UNUSED_FUNCTION = YES;
				GCC_WARN_UNUSED_VARIABLE = YES;
				IPHONEOS_DEPLOYMENT_TARGET = 14.4;
				MTL_ENABLE_DEBUG_INFO = NO;
				MTL_FAST_MATH = YES;
				SDKROOT = iphoneos;
				SWIFT_COMPILATION_MODE = wholemodule;
				SWIFT_OPTIMIZATION_LEVEL = "-O";
				VALIDATE_PRODUCT = YES;
			};
			name = Release;
		};
		30BAF3612705AEFE009E5489 /* Debug */ = {
			isa = XCBuildConfiguration;
			buildSettings = {
				ASSETCATALOG_COMPILER_APPICON_NAME = AppIcon;
				ASSETCATALOG_COMPILER_GLOBAL_ACCENT_COLOR_NAME = AccentColor;
				CODE_SIGN_STYLE = Automatic;
				DEVELOPMENT_TEAM = GLJYMA4HKB;
				INFOPLIST_FILE = Activity_2/Info.plist;
				LD_RUNPATH_SEARCH_PATHS = (
					"$(inherited)",
					"@executable_path/Frameworks",
				);
				PRODUCT_BUNDLE_IDENTIFIER = "com.iOS.Activity-2";
				PRODUCT_NAME = "$(TARGET_NAME)";
				SWIFT_VERSION = 5.0;
				TARGETED_DEVICE_FAMILY = "1,2";
			};
			name = Debug;
		};
		30BAF3622705AEFE009E5489 /* Release */ = {
			isa = XCBuildConfiguration;
			buildSettings = {
				ASSETCATALOG_COMPILER_APPICON_NAME = AppIcon;
				ASSETCATALOG_COMPILER_GLOBAL_ACCENT_COLOR_NAME = AccentColor;
				CODE_SIGN_STYLE = Automatic;
				DEVELOPMENT_TEAM = GLJYMA4HKB;
				INFOPLIST_FILE = Activity_2/Info.plist;
				LD_RUNPATH_SEARCH_PATHS = (
					"$(inherited)",
					"@executable_path/Frameworks",
				);
				PRODUCT_BUNDLE_IDENTIFIER = "com.iOS.Activity-2";
				PRODUCT_NAME = "$(TARGET_NAME)";
				SWIFT_VERSION = 5.0;
				TARGETED_DEVICE_FAMILY = "1,2";
			};
			name = Release;
		};
		30BAF3642705AEFE009E5489 /* Debug */ = {
			isa = XCBuildConfiguration;
			buildSettings = {
				ALWAYS_EMBED_SWIFT_STANDARD_LIBRARIES = YES;
				BUNDLE_LOADER = "$(TEST_HOST)";
				CODE_SIGN_STYLE = Automatic;
				DEVELOPMENT_TEAM = GLJYMA4HKB;
				INFOPLIST_FILE = Activity_2Tests/Info.plist;
				IPHONEOS_DEPLOYMENT_TARGET = 14.4;
				LD_RUNPATH_SEARCH_PATHS = (
					"$(inherited)",
					"@executable_path/Frameworks",
					"@loader_path/Frameworks",
				);
				PRODUCT_BUNDLE_IDENTIFIER = "com.iOS.Activity-2Tests";
				PRODUCT_NAME = "$(TARGET_NAME)";
				SWIFT_VERSION = 5.0;
				TARGETED_DEVICE_FAMILY = "1,2";
				TEST_HOST = "$(BUILT_PRODUCTS_DIR)/Activity_2.app/Activity_2";
			};
			name = Debug;
		};
		30BAF3652705AEFE009E5489 /* Release */ = {
			isa = XCBuildConfiguration;
			buildSettings = {
				ALWAYS_EMBED_SWIFT_STANDARD_LIBRARIES = YES;
				BUNDLE_LOADER = "$(TEST_HOST)";
				CODE_SIGN_STYLE = Automatic;
				DEVELOPMENT_TEAM = GLJYMA4HKB;
				INFOPLIST_FILE = Activity_2Tests/Info.plist;
				IPHONEOS_DEPLOYMENT_TARGET = 14.4;
				LD_RUNPATH_SEARCH_PATHS = (
					"$(inherited)",
					"@executable_path/Frameworks",
					"@loader_path/Frameworks",
				);
				PRODUCT_BUNDLE_IDENTIFIER = "com.iOS.Activity-2Tests";
				PRODUCT_NAME = "$(TARGET_NAME)";
				SWIFT_VERSION = 5.0;
				TARGETED_DEVICE_FAMILY = "1,2";
				TEST_HOST = "$(BUILT_PRODUCTS_DIR)/Activity_2.app/Activity_2";
			};
			name = Release;
		};
		30BAF3672705AEFE009E5489 /* Debug */ = {
			isa = XCBuildConfiguration;
			buildSettings = {
				ALWAYS_EMBED_SWIFT_STANDARD_LIBRARIES = YES;
				CODE_SIGN_STYLE = Automatic;
				DEVELOPMENT_TEAM = GLJYMA4HKB;
				INFOPLIST_FILE = Activity_2UITests/Info.plist;
				LD_RUNPATH_SEARCH_PATHS = (
					"$(inherited)",
					"@executable_path/Frameworks",
					"@loader_path/Frameworks",
				);
				PRODUCT_BUNDLE_IDENTIFIER = "com.iOS.Activity-2UITests";
				PRODUCT_NAME = "$(TARGET_NAME)";
				SWIFT_VERSION = 5.0;
				TARGETED_DEVICE_FAMILY = "1,2";
				TEST_TARGET_NAME = Activity_2;
			};
			name = Debug;
		};
		30BAF3682705AEFE009E5489 /* Release */ = {
			isa = XCBuildConfiguration;
			buildSettings = {
				ALWAYS_EMBED_SWIFT_STANDARD_LIBRARIES = YES;
				CODE_SIGN_STYLE = Automatic;
				DEVELOPMENT_TEAM = GLJYMA4HKB;
				INFOPLIST_FILE = Activity_2UITests/Info.plist;
				LD_RUNPATH_SEARCH_PATHS = (
					"$(inherited)",
					"@executable_path/Frameworks",
					"@loader_path/Frameworks",
				);
				PRODUCT_BUNDLE_IDENTIFIER = "com.iOS.Activity-2UITests";
				PRODUCT_NAME = "$(TARGET_NAME)";
				SWIFT_VERSION = 5.0;
				TARGETED_DEVICE_FAMILY = "1,2";
				TEST_TARGET_NAME = Activity_2;
			};
			name = Release;
		};
/* End XCBuildConfiguration section */

/* Begin XCConfigurationList section */
		30BAF3312705AEF7009E5489 /* Build configuration list for PBXProject "Activity_2" */ = {
			isa = XCConfigurationList;
			buildConfigurations = (
				30BAF35E2705AEFE009E5489 /* Debug */,
				30BAF35F2705AEFE009E5489 /* Release */,
			);
			defaultConfigurationIsVisible = 0;
			defaultConfigurationName = Release;
		};
		30BAF3602705AEFE009E5489 /* Build configuration list for PBXNativeTarget "Activity_2" */ = {
			isa = XCConfigurationList;
			buildConfigurations = (
				30BAF3612705AEFE009E5489 /* Debug */,
				30BAF3622705AEFE009E5489 /* Release */,
			);
			defaultConfigurationIsVisible = 0;
			defaultConfigurationName = Release;
		};
		30BAF3632705AEFE009E5489 /* Build configuration list for PBXNativeTarget "Activity_2Tests" */ = {
			isa = XCConfigurationList;
			buildConfigurations = (
				30BAF3642705AEFE009E5489 /* Debug */,
				30BAF3652705AEFE009E5489 /* Release */,
			);
			defaultConfigurationIsVisible = 0;
			defaultConfigurationName = Release;
		};
		30BAF3662705AEFE009E5489 /* Build configuration list for PBXNativeTarget "Activity_2UITests" */ = {
			isa = XCConfigurationList;
			buildConfigurations = (
				30BAF3672705AEFE009E5489 /* Debug */,
				30BAF3682705AEFE009E5489 /* Release */,
			);
			defaultConfigurationIsVisible = 0;
			defaultConfigurationName = Release;
		};
/* End XCConfigurationList section */
	};
	rootObject = 30BAF32E2705AEF7009E5489 /* Project object */;
}
